{
  "originHash" : "3fbb7dc3d9090cfc02dee789a22a0b693fece94fa308e6471e78356c0c907ba2",
  "pins" : [
    {
      "identity" : "callable",
      "kind" : "remoteSourceControl",
      "location" : "https://github.com/ElevatedUnderdogs/Callable.git",
      "state" : {
        "revision" : "5e6de476a268e5858b78eed17d51162eccaf4203",
        "version" : "3.0.1"
      }
    },
    {
      "identity" : "encryptdecryptkey",
      "kind" : "remoteSourceControl",
      "location" : "https://github.com/scott-lydon/EncryptDecryptKey.git",
      "state" : {
        "revision" : "afa65f740f6e375b7962c7691089820520d8e2e8",
        "version" : "1.0.5"
      }
    }
  ],
  "version" : 3
}
