{
  "originHash" : "8e80bb68ff585b180ed306a2f016c82ec4d745942264edfb12a28af9d468bb0f",
  "pins" : [
    {
      "identity" : "callable",
      "kind" : "remoteSourceControl",
      "location" : "https://github.com/ElevatedUnderdogs/Callable.git",
      "state" : {
        "revision" : "5e6de476a268e5858b78eed17d51162eccaf4203",
        "version" : "3.0.0"
      }
    },
    {
      "identity" : "encryptdecryptkey",
      "kind" : "remoteSourceControl",
      "location" : "https://github.com/scott-lydon/EncryptDecryptKey.git",
      "state" : {
        "revision" : "2edb14cf97fea00ec8d172c82aa56d419ef937b8",
        "version" : "1.0.4"
      }
    }
  ],
  "version" : 3
}
